
Microsoft Visual Studio Solution File, Format Version 12.00
# Visual Studio Version 16
VisualStudioVersion = 16.0.32002.261
MinimumVisualStudioVersion = 10.0.40219.1
Project("{FAE04EC0-301F-11D3-BF4B-00C04F79EFBC}") = "CrashUno", "CrashUno.csproj", "{6A4DA5BA-3467-449C-A5C6-F420E83D99BA}"
EndProject
Global
	GlobalSection(SolutionConfigurationPlatforms) = preSolution
		Debug|Any CPU = Debug|Any CPU
		Release|Any CPU = Release|Any CPU
	EndGlobalSection
	GlobalSection(ProjectConfigurationPlatforms) = postSolution
		{6A4DA5BA-3467-449C-A5C6-F420E83D99BA}.Debug|Any CPU.ActiveCfg = Debug|Any CPU
		{6A4DA5BA-3467-449C-A5C6-F420E83D99BA}.Debug|Any CPU.Build.0 = Debug|Any CPU
		{6A4DA5BA-3467-449C-A5C6-F420E83D99BA}.Release|Any CPU.ActiveCfg = Release|Any CPU
		{6A4DA5BA-3467-449C-A5C6-F420E83D99BA}.Release|Any CPU.Build.0 = Release|Any CPU
	EndGlobalSection
	GlobalSection(SolutionProperties) = preSolution
		HideSolutionNode = FALSE
	EndGlobalSection
	GlobalSection(ExtensibilityGlobals) = postSolution
		SolutionGuid = {0B52B54D-4F70-41C8-B016-1088FB5BE661}
	EndGlobalSection
EndGlobal
